
Microsoft Visual Studio Solution File, Format Version 12.00
# Visual Studio Version 17
VisualStudioVersion = 17.2.32630.192
MinimumVisualStudioVersion = 10.0.40219.1
Project("{FAE04EC0-301F-11D3-BF4B-00C04F79EFBC}") = "LolApi", "LolApi\LolApi.csproj", "{7BF06DC2-9D5C-4220-B6EC-149771C637A6}"
EndProject
Global
	GlobalSection(SolutionConfigurationPlatforms) = preSolution
		Debug|Any CPU = Debug|Any CPU
		Release|Any CPU = Release|Any CPU
	EndGlobalSection
	GlobalSection(ProjectConfigurationPlatforms) = postSolution
		{7BF06DC2-9D5C-4220-B6EC-149771C637A6}.Debug|Any CPU.ActiveCfg = Debug|Any CPU
		{7BF06DC2-9D5C-4220-B6EC-149771C637A6}.Debug|Any CPU.Build.0 = Debug|Any CPU
		{7BF06DC2-9D5C-4220-B6EC-149771C637A6}.Release|Any CPU.ActiveCfg = Release|Any CPU
		{7BF06DC2-9D5C-4220-B6EC-149771C637A6}.Release|Any CPU.Build.0 = Release|Any CPU
	EndGlobalSection
	GlobalSection(SolutionProperties) = preSolution
		HideSolutionNode = FALSE
	EndGlobalSection
	GlobalSection(ExtensibilityGlobals) = postSolution
		SolutionGuid = {87723615-687B-41CC-9160-A8494D545700}
	EndGlobalSection
EndGlobal
